// !$*UTF8*$!
{
	archiveVersion = 1;
	classes = {
	};
	objectVersion = 77;
	objects = {

/* Begin PBXBuildFile section */
		E9979A062D1DCB0400957CA0 /* Alamofire in Frameworks */ = {isa = PBXBuildFile; productRef = E9979A052D1DCB0400957CA0 /* Alamofire */; };
		E9979A092D1DCB1200957CA0 /* SnapKit in Frameworks */ = {isa = PBXBuildFile; productRef = E9979A082D1DCB1200957CA0 /* SnapKit */; };
		E9979A0C2D1DCB2800957CA0 /* RxCocoa in Frameworks */ = {isa = PBXBuildFile; productRef = E9979A0B2D1DCB2800957CA0 /* RxCocoa */; };
		E9979A0E2D1DCB2800957CA0 /* RxRelay in Frameworks */ = {isa = PBXBuildFile; productRef = E9979A0D2D1DCB2800957CA0 /* RxRelay */; };
		E9979A102D1DCB2800957CA0 /* RxSwift in Frameworks */ = {isa = PBXBuildFile; productRef = E9979A0F2D1DCB2800957CA0 /* RxSwift */; };
		E9D000A62D2B2D8A0079ED77 /* RxDataSources in Frameworks */ = {isa = PBXBuildFile; productRef = E9D000A52D2B2D8A0079ED77 /* RxDataSources */; };
		E9D001982D2BD27C0079ED77 /* Swinject in Frameworks */ = {isa = PBXBuildFile; productRef = E9D001972D2BD27C0079ED77 /* Swinject */; };
/* End PBXBuildFile section */

/* Begin PBXFileReference section */
		E99799D12D1DC71D00957CA0 /* nbc-pokemoongo.app */ = {isa = PBXFileReference; explicitFileType = wrapper.application; includeInIndex = 0; path = "nbc-pokemoongo.app"; sourceTree = BUILT_PRODUCTS_DIR; };
/* End PBXFileReference section */

/* Begin PBXFileSystemSynchronizedBuildFileExceptionSet section */
		E99799E62D1DC71F00957CA0 /* Exceptions for "nbc-pokemoongo" folder in "nbc-pokemoongo" target */ = {
			isa = PBXFileSystemSynchronizedBuildFileExceptionSet;
			membershipExceptions = (
				App/ConfigDevelop.xcconfig,
				App/Info.plist,
			);
			target = E99799D02D1DC71D00957CA0 /* nbc-pokemoongo */;
		};
/* End PBXFileSystemSynchronizedBuildFileExceptionSet section */

/* Begin PBXFileSystemSynchronizedRootGroup section */
		E99799D32D1DC71D00957CA0 /* nbc-pokemoongo */ = {
			isa = PBXFileSystemSynchronizedRootGroup;
			exceptions = (
				E99799E62D1DC71F00957CA0 /* Exceptions for "nbc-pokemoongo" folder in "nbc-pokemoongo" target */,
			);
			path = "nbc-pokemoongo";
			sourceTree = "<group>";
		};
/* End PBXFileSystemSynchronizedRootGroup section */

/* Begin PBXFrameworksBuildPhase section */
		E99799CE2D1DC71D00957CA0 /* Frameworks */ = {
			isa = PBXFrameworksBuildPhase;
			buildActionMask = 2147483647;
			files = (
				E9979A0C2D1DCB2800957CA0 /* RxCocoa in Frameworks */,
				E9979A062D1DCB0400957CA0 /* Alamofire in Frameworks */,
				E9D001982D2BD27C0079ED77 /* Swinject in Frameworks */,
				E9979A102D1DCB2800957CA0 /* RxSwift in Frameworks */,
				E9D000A62D2B2D8A0079ED77 /* RxDataSources in Frameworks */,
				E9979A0E2D1DCB2800957CA0 /* RxRelay in Frameworks */,
				E9979A092D1DCB1200957CA0 /* SnapKit in Frameworks */,
			);
			runOnlyForDeploymentPostprocessing = 0;
		};
/* End PBXFrameworksBuildPhase section */

/* Begin PBXGroup section */
		E99799C82D1DC71D00957CA0 = {
			isa = PBXGroup;
			children = (
				E99799D32D1DC71D00957CA0 /* nbc-pokemoongo */,
				E99799D22D1DC71D00957CA0 /* Products */,
			);
			sourceTree = "<group>";
		};
		E99799D22D1DC71D00957CA0 /* Products */ = {
			isa = PBXGroup;
			children = (
				E99799D12D1DC71D00957CA0 /* nbc-pokemoongo.app */,
			);
			name = Products;
			sourceTree = "<group>";
		};
/* End PBXGroup section */

/* Begin PBXNativeTarget section */
		E99799D02D1DC71D00957CA0 /* nbc-pokemoongo */ = {
			isa = PBXNativeTarget;
			buildConfigurationList = E99799E72D1DC71F00957CA0 /* Build configuration list for PBXNativeTarget "nbc-pokemoongo" */;
			buildPhases = (
				E99799CD2D1DC71D00957CA0 /* Sources */,
				E99799CE2D1DC71D00957CA0 /* Frameworks */,
				E99799CF2D1DC71D00957CA0 /* Resources */,
			);
			buildRules = (
			);
			dependencies = (
			);
			fileSystemSynchronizedGroups = (
				E99799D32D1DC71D00957CA0 /* nbc-pokemoongo */,
			);
			name = "nbc-pokemoongo";
			packageProductDependencies = (
				E9979A052D1DCB0400957CA0 /* Alamofire */,
				E9979A082D1DCB1200957CA0 /* SnapKit */,
				E9979A0B2D1DCB2800957CA0 /* RxCocoa */,
				E9979A0D2D1DCB2800957CA0 /* RxRelay */,
				E9979A0F2D1DCB2800957CA0 /* RxSwift */,
				E9D000A52D2B2D8A0079ED77 /* RxDataSources */,
				E9D001972D2BD27C0079ED77 /* Swinject */,
			);
			productName = "nbc-pokemoongo";
			productReference = E99799D12D1DC71D00957CA0 /* nbc-pokemoongo.app */;
			productType = "com.apple.product-type.application";
		};
/* End PBXNativeTarget section */

/* Begin PBXProject section */
		E99799C92D1DC71D00957CA0 /* Project object */ = {
			isa = PBXProject;
			attributes = {
				BuildIndependentTargetsInParallel = 1;
				LastSwiftUpdateCheck = 1610;
				LastUpgradeCheck = 1620;
				TargetAttributes = {
					E99799D02D1DC71D00957CA0 = {
						CreatedOnToolsVersion = 16.1;
					};
				};
			};
			buildConfigurationList = E99799CC2D1DC71D00957CA0 /* Build configuration list for PBXProject "nbc-pokemoongo" */;
			developmentRegion = en;
			hasScannedForEncodings = 0;
			knownRegions = (
				en,
				Base,
			);
			mainGroup = E99799C82D1DC71D00957CA0;
			minimizedProjectReferenceProxies = 1;
			packageReferences = (
				E9979A042D1DCB0400957CA0 /* XCRemoteSwiftPackageReference "Alamofire" */,
				E9979A072D1DCB1200957CA0 /* XCRemoteSwiftPackageReference "SnapKit" */,
				E9979A0A2D1DCB2800957CA0 /* XCRemoteSwiftPackageReference "RxSwift" */,
				E9D000A42D2B2D8A0079ED77 /* XCRemoteSwiftPackageReference "RxDataSources" */,
				E9D001962D2BD27C0079ED77 /* XCRemoteSwiftPackageReference "Swinject" */,
			);
			preferredProjectObjectVersion = 77;
			productRefGroup = E99799D22D1DC71D00957CA0 /* Products */;
			projectDirPath = "";
			projectRoot = "";
			targets = (
				E99799D02D1DC71D00957CA0 /* nbc-pokemoongo */,
			);
		};
/* End PBXProject section */

/* Begin PBXResourcesBuildPhase section */
		E99799CF2D1DC71D00957CA0 /* Resources */ = {
			isa = PBXResourcesBuildPhase;
			buildActionMask = 2147483647;
			files = (
			);
			runOnlyForDeploymentPostprocessing = 0;
		};
/* End PBXResourcesBuildPhase section */

/* Begin PBXSourcesBuildPhase section */
		E99799CD2D1DC71D00957CA0 /* Sources */ = {
			isa = PBXSourcesBuildPhase;
			buildActionMask = 2147483647;
			files = (
			);
			runOnlyForDeploymentPostprocessing = 0;
		};
/* End PBXSourcesBuildPhase section */

/* Begin XCBuildConfiguration section */
		E99799E82D1DC71F00957CA0 /* Debug */ = {
			isa = XCBuildConfiguration;
			baseConfigurationReferenceAnchor = E99799D32D1DC71D00957CA0 /* nbc-pokemoongo */;
			baseConfigurationReferenceRelativePath = App/ConfigDevelop.xcconfig;
			buildSettings = {
				ASSETCATALOG_COMPILER_APPICON_NAME = AppIcon;
				ASSETCATALOG_COMPILER_GLOBAL_ACCENT_COLOR_NAME = AccentColor;
				CODE_SIGN_STYLE = Automatic;
				CURRENT_PROJECT_VERSION = 1;
				DEVELOPMENT_TEAM = NJT372RG3U;
				GENERATE_INFOPLIST_FILE = YES;
				INFOPLIST_FILE = "nbc-pokemoongo/App/Info.plist";
				INFOPLIST_KEY_UIApplicationSupportsIndirectInputEvents = YES;
				INFOPLIST_KEY_UILaunchStoryboardName = LaunchScreen;
				INFOPLIST_KEY_UISupportedInterfaceOrientations = UIInterfaceOrientationPortrait;
				IPHONEOS_DEPLOYMENT_TARGET = 16.6;
				LD_RUNPATH_SEARCH_PATHS = (
					"$(inherited)",
					"@executable_path/Frameworks",
				);
				MARKETING_VERSION = 1.0;
				PRODUCT_BUNDLE_IDENTIFIER = "com.thinkbetter.nbc-pokemoongo";
				PRODUCT_NAME = "$(TARGET_NAME)";
				SWIFT_EMIT_LOC_STRINGS = YES;
				SWIFT_VERSION = 5.0;
				TARGETED_DEVICE_FAMILY = "1,2";
			};
			name = Debug;
		};
		E99799E92D1DC71F00957CA0 /* Release */ = {
			isa = XCBuildConfiguration;
			buildSettings = {
				ASSETCATALOG_COMPILER_APPICON_NAME = AppIcon;
				ASSETCATALOG_COMPILER_GLOBAL_ACCENT_COLOR_NAME = AccentColor;
				CODE_SIGN_STYLE = Automatic;
				CURRENT_PROJECT_VERSION = 1;
				DEVELOPMENT_TEAM = NJT372RG3U;
				GENERATE_INFOPLIST_FILE = YES;
				INFOPLIST_FILE = "nbc-pokemoongo/App/Info.plist";
				INFOPLIST_KEY_UIApplicationSupportsIndirectInputEvents = YES;
				INFOPLIST_KEY_UILaunchStoryboardName = LaunchScreen;
				INFOPLIST_KEY_UISupportedInterfaceOrientations = UIInterfaceOrientationPortrait;
				IPHONEOS_DEPLOYMENT_TARGET = 16.6;
				LD_RUNPATH_SEARCH_PATHS = (
					"$(inherited)",
					"@executable_path/Frameworks",
				);
				MARKETING_VERSION = 1.0;
				PRODUCT_BUNDLE_IDENTIFIER = "com.thinkbetter.nbc-pokemoongo";
				PRODUCT_NAME = "$(TARGET_NAME)";
				SWIFT_EMIT_LOC_STRINGS = YES;
				SWIFT_VERSION = 5.0;
				TARGETED_DEVICE_FAMILY = "1,2";
			};
			name = Release;
		};
		E99799EA2D1DC71F00957CA0 /* Debug */ = {
			isa = XCBuildConfiguration;
			baseConfigurationReferenceAnchor = E99799D32D1DC71D00957CA0 /* nbc-pokemoongo */;
			baseConfigurationReferenceRelativePath = App/ConfigDevelop.xcconfig;
			buildSettings = {
				ALWAYS_SEARCH_USER_PATHS = NO;
				ASSETCATALOG_COMPILER_GENERATE_SWIFT_ASSET_SYMBOL_EXTENSIONS = YES;
				CLANG_ANALYZER_NONNULL = YES;
				CLANG_ANALYZER_NUMBER_OBJECT_CONVERSION = YES_AGGRESSIVE;
				CLANG_CXX_LANGUAGE_STANDARD = "gnu++20";
				CLANG_ENABLE_MODULES = YES;
				CLANG_ENABLE_OBJC_ARC = YES;
				CLANG_ENABLE_OBJC_WEAK = YES;
				CLANG_WARN_BLOCK_CAPTURE_AUTORELEASING = YES;
				CLANG_WARN_BOOL_CONVERSION = YES;
				CLANG_WARN_COMMA = YES;
				CLANG_WARN_CONSTANT_CONVERSION = YES;
				CLANG_WARN_DEPRECATED_OBJC_IMPLEMENTATIONS = YES;
				CLANG_WARN_DIRECT_OBJC_ISA_USAGE = YES_ERROR;
				CLANG_WARN_DOCUMENTATION_COMMENTS = YES;
				CLANG_WARN_EMPTY_BODY = YES;
				CLANG_WARN_ENUM_CONVERSION = YES;
				CLANG_WARN_INFINITE_RECURSION = YES;
				CLANG_WARN_INT_CONVERSION = YES;
				CLANG_WARN_NON_LITERAL_NULL_CONVERSION = YES;
				CLANG_WARN_OBJC_IMPLICIT_RETAIN_SELF = YES;
				CLANG_WARN_OBJC_LITERAL_CONVERSION = YES;
				CLANG_WARN_OBJC_ROOT_CLASS = YES_ERROR;
				CLANG_WARN_QUOTED_INCLUDE_IN_FRAMEWORK_HEADER = YES;
				CLANG_WARN_RANGE_LOOP_ANALYSIS = YES;
				CLANG_WARN_STRICT_PROTOTYPES = YES;
				CLANG_WARN_SUSPICIOUS_MOVE = YES;
				CLANG_WARN_UNGUARDED_AVAILABILITY = YES_AGGRESSIVE;
				CLANG_WARN_UNREACHABLE_CODE = YES;
				CLANG_WARN__DUPLICATE_METHOD_MATCH = YES;
				COPY_PHASE_STRIP = NO;
				DEBUG_INFORMATION_FORMAT = dwarf;
				ENABLE_STRICT_OBJC_MSGSEND = YES;
				ENABLE_TESTABILITY = YES;
				ENABLE_USER_SCRIPT_SANDBOXING = YES;
				GCC_C_LANGUAGE_STANDARD = gnu17;
				GCC_DYNAMIC_NO_PIC = NO;
				GCC_NO_COMMON_BLOCKS = YES;
				GCC_OPTIMIZATION_LEVEL = 0;
				GCC_PREPROCESSOR_DEFINITIONS = (
					"DEBUG=1",
					"$(inherited)",
				);
				GCC_WARN_64_TO_32_BIT_CONVERSION = YES;
				GCC_WARN_ABOUT_RETURN_TYPE = YES_ERROR;
				GCC_WARN_UNDECLARED_SELECTOR = YES;
				GCC_WARN_UNINITIALIZED_AUTOS = YES_AGGRESSIVE;
				GCC_WARN_UNUSED_FUNCTION = YES;
				GCC_WARN_UNUSED_VARIABLE = YES;
				IPHONEOS_DEPLOYMENT_TARGET = 18.1;
				LOCALIZATION_PREFERS_STRING_CATALOGS = YES;
				MTL_ENABLE_DEBUG_INFO = INCLUDE_SOURCE;
				MTL_FAST_MATH = YES;
				ONLY_ACTIVE_ARCH = YES;
				SDKROOT = iphoneos;
				SWIFT_ACTIVE_COMPILATION_CONDITIONS = "DEBUG $(inherited)";
				SWIFT_OPTIMIZATION_LEVEL = "-Onone";
			};
			name = Debug;
		};
		E99799EB2D1DC71F00957CA0 /* Release */ = {
			isa = XCBuildConfiguration;
			buildSettings = {
				ALWAYS_SEARCH_USER_PATHS = NO;
				ASSETCATALOG_COMPILER_GENERATE_SWIFT_ASSET_SYMBOL_EXTENSIONS = YES;
				CLANG_ANALYZER_NONNULL = YES;
				CLANG_ANALYZER_NUMBER_OBJECT_CONVERSION = YES_AGGRESSIVE;
				CLANG_CXX_LANGUAGE_STANDARD = "gnu++20";
				CLANG_ENABLE_MODULES = YES;
				CLANG_ENABLE_OBJC_ARC = YES;
				CLANG_ENABLE_OBJC_WEAK = YES;
				CLANG_WARN_BLOCK_CAPTURE_AUTORELEASING = YES;
				CLANG_WARN_BOOL_CONVERSION = YES;
				CLANG_WARN_COMMA = YES;
				CLANG_WARN_CONSTANT_CONVERSION = YES;
				CLANG_WARN_DEPRECATED_OBJC_IMPLEMENTATIONS = YES;
				CLANG_WARN_DIRECT_OBJC_ISA_USAGE = YES_ERROR;
				CLANG_WARN_DOCUMENTATION_COMMENTS = YES;
				CLANG_WARN_EMPTY_BODY = YES;
				CLANG_WARN_ENUM_CONVERSION = YES;
				CLANG_WARN_INFINITE_RECURSION = YES;
				CLANG_WARN_INT_CONVERSION = YES;
				CLANG_WARN_NON_LITERAL_NULL_CONVERSION = YES;
				CLANG_WARN_OBJC_IMPLICIT_RETAIN_SELF = YES;
				CLANG_WARN_OBJC_LITERAL_CONVERSION = YES;
				CLANG_WARN_OBJC_ROOT_CLASS = YES_ERROR;
				CLANG_WARN_QUOTED_INCLUDE_IN_FRAMEWORK_HEADER = YES;
				CLANG_WARN_RANGE_LOOP_ANALYSIS = YES;
				CLANG_WARN_STRICT_PROTOTYPES = YES;
				CLANG_WARN_SUSPICIOUS_MOVE = YES;
				CLANG_WARN_UNGUARDED_AVAILABILITY = YES_AGGRESSIVE;
				CLANG_WARN_UNREACHABLE_CODE = YES;
				CLANG_WARN__DUPLICATE_METHOD_MATCH = YES;
				COPY_PHASE_STRIP = NO;
				DEBUG_INFORMATION_FORMAT = "dwarf-with-dsym";
				ENABLE_NS_ASSERTIONS = NO;
				ENABLE_STRICT_OBJC_MSGSEND = YES;
				ENABLE_USER_SCRIPT_SANDBOXING = YES;
				GCC_C_LANGUAGE_STANDARD = gnu17;
				GCC_NO_COMMON_BLOCKS = YES;
				GCC_WARN_64_TO_32_BIT_CONVERSION = YES;
				GCC_WARN_ABOUT_RETURN_TYPE = YES_ERROR;
				GCC_WARN_UNDECLARED_SELECTOR = YES;
				GCC_WARN_UNINITIALIZED_AUTOS = YES_AGGRESSIVE;
				GCC_WARN_UNUSED_FUNCTION = YES;
				GCC_WARN_UNUSED_VARIABLE = YES;
				IPHONEOS_DEPLOYMENT_TARGET = 18.1;
				LOCALIZATION_PREFERS_STRING_CATALOGS = YES;
				MTL_ENABLE_DEBUG_INFO = NO;
				MTL_FAST_MATH = YES;
				SDKROOT = iphoneos;
				SWIFT_COMPILATION_MODE = wholemodule;
				VALIDATE_PRODUCT = YES;
			};
			name = Release;
		};
/* End XCBuildConfiguration section */

/* Begin XCConfigurationList section */
		E99799CC2D1DC71D00957CA0 /* Build configuration list for PBXProject "nbc-pokemoongo" */ = {
			isa = XCConfigurationList;
			buildConfigurations = (
				E99799EA2D1DC71F00957CA0 /* Debug */,
				E99799EB2D1DC71F00957CA0 /* Release */,
			);
			defaultConfigurationIsVisible = 0;
			defaultConfigurationName = Release;
		};
		E99799E72D1DC71F00957CA0 /* Build configuration list for PBXNativeTarget "nbc-pokemoongo" */ = {
			isa = XCConfigurationList;
			buildConfigurations = (
				E99799E82D1DC71F00957CA0 /* Debug */,
				E99799E92D1DC71F00957CA0 /* Release */,
			);
			defaultConfigurationIsVisible = 0;
			defaultConfigurationName = Release;
		};
/* End XCConfigurationList section */

/* Begin XCRemoteSwiftPackageReference section */
		E9979A042D1DCB0400957CA0 /* XCRemoteSwiftPackageReference "Alamofire" */ = {
			isa = XCRemoteSwiftPackageReference;
			repositoryURL = "https://github.com/Alamofire/Alamofire";
			requirement = {
				kind = upToNextMajorVersion;
				minimumVersion = 5.10.2;
			};
		};
		E9979A072D1DCB1200957CA0 /* XCRemoteSwiftPackageReference "SnapKit" */ = {
			isa = XCRemoteSwiftPackageReference;
			repositoryURL = "https://github.com/SnapKit/SnapKit";
			requirement = {
				kind = upToNextMajorVersion;
				minimumVersion = 5.7.1;
			};
		};
		E9979A0A2D1DCB2800957CA0 /* XCRemoteSwiftPackageReference "RxSwift" */ = {
			isa = XCRemoteSwiftPackageReference;
			repositoryURL = "https://github.com/ReactiveX/RxSwift.git";
			requirement = {
				kind = upToNextMajorVersion;
				minimumVersion = 6.8.0;
			};
		};
		E9D000A42D2B2D8A0079ED77 /* XCRemoteSwiftPackageReference "RxDataSources" */ = {
			isa = XCRemoteSwiftPackageReference;
			repositoryURL = "https://github.com/RxSwiftCommunity/RxDataSources.git";
			requirement = {
				kind = upToNextMajorVersion;
				minimumVersion = 5.0.2;
			};
		};
		E9D001962D2BD27C0079ED77 /* XCRemoteSwiftPackageReference "Swinject" */ = {
			isa = XCRemoteSwiftPackageReference;
			repositoryURL = "https://github.com/Swinject/Swinject.git";
			requirement = {
				kind = upToNextMajorVersion;
				minimumVersion = 2.9.1;
			};
		};
/* End XCRemoteSwiftPackageReference section */

/* Begin XCSwiftPackageProductDependency section */
		E9979A052D1DCB0400957CA0 /* Alamofire */ = {
			isa = XCSwiftPackageProductDependency;
			package = E9979A042D1DCB0400957CA0 /* XCRemoteSwiftPackageReference "Alamofire" */;
			productName = Alamofire;
		};
		E9979A082D1DCB1200957CA0 /* SnapKit */ = {
			isa = XCSwiftPackageProductDependency;
			package = E9979A072D1DCB1200957CA0 /* XCRemoteSwiftPackageReference "SnapKit" */;
			productName = SnapKit;
		};
		E9979A0B2D1DCB2800957CA0 /* RxCocoa */ = {
			isa = XCSwiftPackageProductDependency;
			package = E9979A0A2D1DCB2800957CA0 /* XCRemoteSwiftPackageReference "RxSwift" */;
			productName = RxCocoa;
		};
		E9979A0D2D1DCB2800957CA0 /* RxRelay */ = {
			isa = XCSwiftPackageProductDependency;
			package = E9979A0A2D1DCB2800957CA0 /* XCRemoteSwiftPackageReference "RxSwift" */;
			productName = RxRelay;
		};
		E9979A0F2D1DCB2800957CA0 /* RxSwift */ = {
			isa = XCSwiftPackageProductDependency;
			package = E9979A0A2D1DCB2800957CA0 /* XCRemoteSwiftPackageReference "RxSwift" */;
			productName = RxSwift;
		};
		E9D000A52D2B2D8A0079ED77 /* RxDataSources */ = {
			isa = XCSwiftPackageProductDependency;
			package = E9D000A42D2B2D8A0079ED77 /* XCRemoteSwiftPackageReference "RxDataSources" */;
			productName = RxDataSources;
		};
		E9D001972D2BD27C0079ED77 /* Swinject */ = {
			isa = XCSwiftPackageProductDependency;
			package = E9D001962D2BD27C0079ED77 /* XCRemoteSwiftPackageReference "Swinject" */;
			productName = Swinject;
		};
/* End XCSwiftPackageProductDependency section */
	};
	rootObject = E99799C92D1DC71D00957CA0 /* Project object */;
}
